
Microsoft Visual Studio Solution File, Format Version 10.00
# Visual Studio 2008
Project("{8BC9CEB8-8B4A-11D0-8D11-00A0C91BC942}") = "fast_align", "fast_align\fast_align.vcproj", "{035302E3-A2F5-4E81-99BF-6B160CFCF5F8}"
EndProject
Global
	GlobalSection(SolutionConfigurationPlatforms) = preSolution
		Debug|Win32 = Debug|Win32
		Release|Win32 = Release|Win32
	EndGlobalSection
	GlobalSection(ProjectConfigurationPlatforms) = postSolution
		{035302E3-A2F5-4E81-99BF-6B160CFCF5F8}.Debug|Win32.ActiveCfg = Debug|Win32
		{035302E3-A2F5-4E81-99BF-6B160CFCF5F8}.Debug|Win32.Build.0 = Debug|Win32
		{035302E3-A2F5-4E81-99BF-6B160CFCF5F8}.Release|Win32.ActiveCfg = Release|Win32
		{035302E3-A2F5-4E81-99BF-6B160CFCF5F8}.Release|Win32.Build.0 = Release|Win32
	EndGlobalSection
	GlobalSection(SolutionProperties) = preSolution
		HideSolutionNode = FALSE
	EndGlobalSection
EndGlobal
